{
  "name": "dtf-expand",
  "version": "0.8.0",
  "lockfileVersion": 3,
  "requires": true,
  "packages": {
    "": {
      "name": "dtf-expand",
      "version": "0.8.0",
      "license": "MIT",
      "devDependencies": {
        "@rollup/plugin-virtual": "^2.0.3",
        "rollup": "^3.29.5"
      }
    },
    "node_modules/@rollup/plugin-virtual": {
      "version": "2.0.3",
      "resolved": "https://registry.npmjs.org/@rollup/plugin-virtual/-/plugin-virtual-2.0.3.tgz",
      "integrity": "sha512-pw6ziJcyjZtntQ//bkad9qXaBx665SgEL8C8KI5wO8G5iU5MPxvdWrQyVaAvjojGm9tJoS8M9Z/EEepbqieYmw==",
      "dev": true,
      "peerDependencies": {
        "rollup": "^1.20.0||^2.0.0"
      }
    },
    "node_modules/fsevents": {
      "version": "2.3.3",
      "resolved": "https://registry.npmjs.org/fsevents/-/fsevents-2.3.3.tgz",
      "integrity": "sha512-5xoDfX+fL7faATnagmWPpbFtwh/R77WmMMqqHGS65C3vvB0YHrgF+B1YmZ3441tMj5n63k0212XNoJwzlhffQw==",
      "dev": true,
      "hasInstallScript": true,
      "optional": true,
      "os": [
        "darwin"
      ],
      "engines": {
        "node": "^8.16.0 || ^10.6.0 || >=11.0.0"
      }
    },
    "node_modules/rollup": {
      "version": "3.29.5",
      "resolved": "https://registry.npmjs.org/rollup/-/rollup-3.29.5.tgz",
      "integrity": "sha512-GVsDdsbJzzy4S/v3dqWPJ7EfvZJfCHiDqe80IyrF59LYuP+e6U1LJoUqeuqRbwAWoMNoXivMNeNAOf5E22VA1w==",
      "dev": true,
      "bin": {
        "rollup": "dist/bin/rollup"
      },
      "engines": {
        "node": ">=14.18.0",
        "npm": ">=8.0.0"
      },
      "optionalDependencies": {
        "fsevents": "~2.3.2"
      }
    }
  }
}
