{
  "name": "dtf-expand",
  "version": "0.7.1",
  "lockfileVersion": 1,
  "requires": true,
  "dependencies": {
    "@rollup/plugin-virtual": {
      "version": "2.0.3",
      "resolved": "https://registry.npmjs.org/@rollup/plugin-virtual/-/plugin-virtual-2.0.3.tgz",
      "integrity": "sha512-pw6ziJcyjZtntQ//bkad9qXaBx665SgEL8C8KI5wO8G5iU5MPxvdWrQyVaAvjojGm9tJoS8M9Z/EEepbqieYmw==",
      "dev": true
    },
    "@types/estree": {
      "version": "0.0.39",
      "resolved": "https://registry.npmjs.org/@types/estree/-/estree-0.0.39.tgz",
      "integrity": "sha512-EYNwp3bU+98cpU4lAWYYL7Zz+2gryWH1qbdDTidVd6hkiR6weksdbMadyXKXNPEkQFhXM+hVO9ZygomHXp+AIw==",
      "dev": true
    },
    "acorn": {
      "version": "7.4.1",
      "resolved": "https://registry.npmjs.org/acorn/-/acorn-7.4.1.tgz",
      "integrity": "sha512-nQyp0o1/mNdbTO1PO6kHkwSrmgZ0MT/jCCpNiwbUjGoRN4dlBhqJtoQuCnEOKzgTVwg0ZWiCoQy6SxMebQVh8A==",
      "dev": true
    },
    "rollup": {
      "version": "1.21.1",
      "resolved": "https://registry.npmjs.org/rollup/-/rollup-1.21.1.tgz",
      "integrity": "sha512-gM1EK/TsXES5xPYk7YG8VxM160DKMs2zSpSD3TBR1pdqYn/uKK85lJrsTIVXEYORR4xxzJdHzphkMFHRGNRxsw==",
      "dev": true,
      "requires": {
        "@types/estree": "0.0.39",
        "@types/node": "^12.7.4",
        "acorn": "^7.0.0"
      },
      "dependencies": {
        "@types/node": {
          "version": "12.20.55",
          "resolved": "https://registry.npmjs.org/@types/node/-/node-12.20.55.tgz",
          "integrity": "sha512-J8xLz7q2OFulZ2cyGTLE1TbbZcjpno7FaN6zdJNrgAdrJ+DZzh/uFR6YrTb4C+nXakvud8Q4+rbhoIWlYQbUFQ==",
          "dev": true
        }
      }
    }
  }
}
